// !$*UTF8*$!
{
	archiveVersion = 1;
	classes = {
	};
	objectVersion = 46;
	objects = {

/* Begin PBXBuildFile section */
		810495211BF04DC4001DBF6A /* DragImage.swift in Sources */ = {isa = PBXBuildFile; fileRef = 810495201BF04DC4001DBF6A /* DragImage.swift */; };
		816123801BF0F45000A66987 /* MonsterImg.swift in Sources */ = {isa = PBXBuildFile; fileRef = 8161237F1BF0F45000A66987 /* MonsterImg.swift */; };
		816123861BF14B3700A66987 /* bite.wav in Resources */ = {isa = PBXBuildFile; fileRef = 816123811BF14B3700A66987 /* bite.wav */; };
		816123871BF14B3700A66987 /* cave-music.mp3 in Resources */ = {isa = PBXBuildFile; fileRef = 816123821BF14B3700A66987 /* cave-music.mp3 */; };
		816123881BF14B3700A66987 /* death.wav in Resources */ = {isa = PBXBuildFile; fileRef = 816123831BF14B3700A66987 /* death.wav */; };
		816123891BF14B3700A66987 /* heart.wav in Resources */ = {isa = PBXBuildFile; fileRef = 816123841BF14B3700A66987 /* heart.wav */; };
		8161238A1BF14B3700A66987 /* skull.wav in Resources */ = {isa = PBXBuildFile; fileRef = 816123851BF14B3700A66987 /* skull.wav */; };
		81D6CE1B1BED3BE300FF38CA /* AppDelegate.swift in Sources */ = {isa = PBXBuildFile; fileRef = 81D6CE1A1BED3BE300FF38CA /* AppDelegate.swift */; };
		81D6CE1D1BED3BE300FF38CA /* ViewController.swift in Sources */ = {isa = PBXBuildFile; fileRef = 81D6CE1C1BED3BE300FF38CA /* ViewController.swift */; };
		81D6CE201BED3BE300FF38CA /* Main.storyboard in Resources */ = {isa = PBXBuildFile; fileRef = 81D6CE1E1BED3BE300FF38CA /* Main.storyboard */; };
		81D6CE221BED3BE300FF38CA /* Assets.xcassets in Resources */ = {isa = PBXBuildFile; fileRef = 81D6CE211BED3BE300FF38CA /* Assets.xcassets */; };
		81D6CE251BED3BE300FF38CA /* LaunchScreen.storyboard in Resources */ = {isa = PBXBuildFile; fileRef = 81D6CE231BED3BE300FF38CA /* LaunchScreen.storyboard */; };
/* End PBXBuildFile section */

/* Begin PBXFileReference section */
		810495201BF04DC4001DBF6A /* DragImage.swift */ = {isa = PBXFileReference; fileEncoding = 4; lastKnownFileType = sourcecode.swift; path = DragImage.swift; sourceTree = "<group>"; };
		8161237F1BF0F45000A66987 /* MonsterImg.swift */ = {isa = PBXFileReference; fileEncoding = 4; lastKnownFileType = sourcecode.swift; path = MonsterImg.swift; sourceTree = "<group>"; };
		816123811BF14B3700A66987 /* bite.wav */ = {isa = PBXFileReference; lastKnownFileType = audio.wav; path = bite.wav; sourceTree = "<group>"; };
		816123821BF14B3700A66987 /* cave-music.mp3 */ = {isa = PBXFileReference; lastKnownFileType = audio.mp3; path = "cave-music.mp3"; sourceTree = "<group>"; };
		816123831BF14B3700A66987 /* death.wav */ = {isa = PBXFileReference; lastKnownFileType = audio.wav; path = death.wav; sourceTree = "<group>"; };
		816123841BF14B3700A66987 /* heart.wav */ = {isa = PBXFileReference; lastKnownFileType = audio.wav; path = heart.wav; sourceTree = "<group>"; };
		816123851BF14B3700A66987 /* skull.wav */ = {isa = PBXFileReference; lastKnownFileType = audio.wav; path = skull.wav; sourceTree = "<group>"; };
		81D6CE171BED3BE300FF38CA /* LittleMonster.app */ = {isa = PBXFileReference; explicitFileType = wrapper.application; includeInIndex = 0; path = LittleMonster.app; sourceTree = BUILT_PRODUCTS_DIR; };
		81D6CE1A1BED3BE300FF38CA /* AppDelegate.swift */ = {isa = PBXFileReference; lastKnownFileType = sourcecode.swift; path = AppDelegate.swift; sourceTree = "<group>"; };
		81D6CE1C1BED3BE300FF38CA /* ViewController.swift */ = {isa = PBXFileReference; lastKnownFileType = sourcecode.swift; path = ViewController.swift; sourceTree = "<group>"; };
		81D6CE1F1BED3BE300FF38CA /* Base */ = {isa = PBXFileReference; lastKnownFileType = file.storyboard; name = Base; path = Base.lproj/Main.storyboard; sourceTree = "<group>"; };
		81D6CE211BED3BE300FF38CA /* Assets.xcassets */ = {isa = PBXFileReference; lastKnownFileType = folder.assetcatalog; path = Assets.xcassets; sourceTree = "<group>"; };
		81D6CE241BED3BE300FF38CA /* Base */ = {isa = PBXFileReference; lastKnownFileType = file.storyboard; name = Base; path = Base.lproj/LaunchScreen.storyboard; sourceTree = "<group>"; };
		81D6CE261BED3BE300FF38CA /* Info.plist */ = {isa = PBXFileReference; lastKnownFileType = text.plist.xml; path = Info.plist; sourceTree = "<group>"; };
/* End PBXFileReference section */

/* Begin PBXFrameworksBuildPhase section */
		81D6CE141BED3BE300FF38CA /* Frameworks */ = {
			isa = PBXFrameworksBuildPhase;
			buildActionMask = 2147483647;
			files = (
			);
			runOnlyForDeploymentPostprocessing = 0;
		};
/* End PBXFrameworksBuildPhase section */

/* Begin PBXGroup section */
		81D6CE0E1BED3BE200FF38CA = {
			isa = PBXGroup;
			children = (
				81D6CE191BED3BE300FF38CA /* LittleMonster */,
				81D6CE181BED3BE300FF38CA /* Products */,
			);
			sourceTree = "<group>";
		};
		81D6CE181BED3BE300FF38CA /* Products */ = {
			isa = PBXGroup;
			children = (
				81D6CE171BED3BE300FF38CA /* LittleMonster.app */,
			);
			name = Products;
			sourceTree = "<group>";
		};
		81D6CE191BED3BE300FF38CA /* LittleMonster */ = {
			isa = PBXGroup;
			children = (
				816123811BF14B3700A66987 /* bite.wav */,
				816123821BF14B3700A66987 /* cave-music.mp3 */,
				816123831BF14B3700A66987 /* death.wav */,
				816123841BF14B3700A66987 /* heart.wav */,
				816123851BF14B3700A66987 /* skull.wav */,
				81D6CE1A1BED3BE300FF38CA /* AppDelegate.swift */,
				81D6CE1C1BED3BE300FF38CA /* ViewController.swift */,
				810495201BF04DC4001DBF6A /* DragImage.swift */,
				81D6CE1E1BED3BE300FF38CA /* Main.storyboard */,
				81D6CE211BED3BE300FF38CA /* Assets.xcassets */,
				81D6CE231BED3BE300FF38CA /* LaunchScreen.storyboard */,
				81D6CE261BED3BE300FF38CA /* Info.plist */,
				8161237F1BF0F45000A66987 /* MonsterImg.swift */,
			);
			path = LittleMonster;
			sourceTree = "<group>";
		};
/* End PBXGroup section */

/* Begin PBXNativeTarget section */
		81D6CE161BED3BE300FF38CA /* LittleMonster */ = {
			isa = PBXNativeTarget;
			buildConfigurationList = 81D6CE291BED3BE300FF38CA /* Build configuration list for PBXNativeTarget "LittleMonster" */;
			buildPhases = (
				81D6CE131BED3BE300FF38CA /* Sources */,
				81D6CE141BED3BE300FF38CA /* Frameworks */,
				81D6CE151BED3BE300FF38CA /* Resources */,
			);
			buildRules = (
			);
			dependencies = (
			);
			name = LittleMonster;
			productName = LittleMonster;
			productReference = 81D6CE171BED3BE300FF38CA /* LittleMonster.app */;
			productType = "com.apple.product-type.application";
		};
/* End PBXNativeTarget section */

/* Begin PBXProject section */
		81D6CE0F1BED3BE200FF38CA /* Project object */ = {
			isa = PBXProject;
			attributes = {
				LastSwiftUpdateCheck = 0710;
				LastUpgradeCheck = 0710;
				ORGANIZATIONNAME = femtobyte;
				TargetAttributes = {
					81D6CE161BED3BE300FF38CA = {
						CreatedOnToolsVersion = 7.1;
						DevelopmentTeam = X2E3X7D3QU;
					};
				};
			};
			buildConfigurationList = 81D6CE121BED3BE200FF38CA /* Build configuration list for PBXProject "LittleMonster" */;
			compatibilityVersion = "Xcode 3.2";
			developmentRegion = English;
			hasScannedForEncodings = 0;
			knownRegions = (
				en,
				Base,
			);
			mainGroup = 81D6CE0E1BED3BE200FF38CA;
			productRefGroup = 81D6CE181BED3BE300FF38CA /* Products */;
			projectDirPath = "";
			projectRoot = "";
			targets = (
				81D6CE161BED3BE300FF38CA /* LittleMonster */,
			);
		};
/* End PBXProject section */

/* Begin PBXResourcesBuildPhase section */
		81D6CE151BED3BE300FF38CA /* Resources */ = {
			isa = PBXResourcesBuildPhase;
			buildActionMask = 2147483647;
			files = (
				8161238A1BF14B3700A66987 /* skull.wav in Resources */,
				816123861BF14B3700A66987 /* bite.wav in Resources */,
				816123881BF14B3700A66987 /* death.wav in Resources */,
				816123891BF14B3700A66987 /* heart.wav in Resources */,
				816123871BF14B3700A66987 /* cave-music.mp3 in Resources */,
				81D6CE251BED3BE300FF38CA /* LaunchScreen.storyboard in Resources */,
				81D6CE221BED3BE300FF38CA /* Assets.xcassets in Resources */,
				81D6CE201BED3BE300FF38CA /* Main.storyboard in Resources */,
			);
			runOnlyForDeploymentPostprocessing = 0;
		};
/* End PBXResourcesBuildPhase section */

/* Begin PBXSourcesBuildPhase section */
		81D6CE131BED3BE300FF38CA /* Sources */ = {
			isa = PBXSourcesBuildPhase;
			buildActionMask = 2147483647;
			files = (
				816123801BF0F45000A66987 /* MonsterImg.swift in Sources */,
				81D6CE1D1BED3BE300FF38CA /* ViewController.swift in Sources */,
				810495211BF04DC4001DBF6A /* DragImage.swift in Sources */,
				81D6CE1B1BED3BE300FF38CA /* AppDelegate.swift in Sources */,
			);
			runOnlyForDeploymentPostprocessing = 0;
		};
/* End PBXSourcesBuildPhase section */

/* Begin PBXVariantGroup section */
		81D6CE1E1BED3BE300FF38CA /* Main.storyboard */ = {
			isa = PBXVariantGroup;
			children = (
				81D6CE1F1BED3BE300FF38CA /* Base */,
			);
			name = Main.storyboard;
			sourceTree = "<group>";
		};
		81D6CE231BED3BE300FF38CA /* LaunchScreen.storyboard */ = {
			isa = PBXVariantGroup;
			children = (
				81D6CE241BED3BE300FF38CA /* Base */,
			);
			name = LaunchScreen.storyboard;
			sourceTree = "<group>";
		};
/* End PBXVariantGroup section */

/* Begin XCBuildConfiguration section */
		81D6CE271BED3BE300FF38CA /* Debug */ = {
			isa = XCBuildConfiguration;
			buildSettings = {
				ALWAYS_SEARCH_USER_PATHS = NO;
				CLANG_CXX_LANGUAGE_STANDARD = "gnu++0x";
				CLANG_CXX_LIBRARY = "libc++";
				CLANG_ENABLE_MODULES = YES;
				CLANG_ENABLE_OBJC_ARC = YES;
				CLANG_WARN_BOOL_CONVERSION = YES;
				CLANG_WARN_CONSTANT_CONVERSION = YES;
				CLANG_WARN_DIRECT_OBJC_ISA_USAGE = YES_ERROR;
				CLANG_WARN_EMPTY_BODY = YES;
				CLANG_WARN_ENUM_CONVERSION = YES;
				CLANG_WARN_INT_CONVERSION = YES;
				CLANG_WARN_OBJC_ROOT_CLASS = YES_ERROR;
				CLANG_WARN_UNREACHABLE_CODE = YES;
				CLANG_WARN__DUPLICATE_METHOD_MATCH = YES;
				"CODE_SIGN_IDENTITY[sdk=iphoneos*]" = "iPhone Developer";
				COPY_PHASE_STRIP = NO;
				DEBUG_INFORMATION_FORMAT = dwarf;
				ENABLE_STRICT_OBJC_MSGSEND = YES;
				ENABLE_TESTABILITY = YES;
				GCC_C_LANGUAGE_STANDARD = gnu99;
				GCC_DYNAMIC_NO_PIC = NO;
				GCC_NO_COMMON_BLOCKS = YES;
				GCC_OPTIMIZATION_LEVEL = 0;
				GCC_PREPROCESSOR_DEFINITIONS = (
					"DEBUG=1",
					"$(inherited)",
				);
				GCC_WARN_64_TO_32_BIT_CONVERSION = YES;
				GCC_WARN_ABOUT_RETURN_TYPE = YES_ERROR;
				GCC_WARN_UNDECLARED_SELECTOR = YES;
				GCC_WARN_UNINITIALIZED_AUTOS = YES_AGGRESSIVE;
				GCC_WARN_UNUSED_FUNCTION = YES;
				GCC_WARN_UNUSED_VARIABLE = YES;
				IPHONEOS_DEPLOYMENT_TARGET = 9.1;
				MTL_ENABLE_DEBUG_INFO = YES;
				ONLY_ACTIVE_ARCH = YES;
				SDKROOT = iphoneos;
				SWIFT_OPTIMIZATION_LEVEL = "-Onone";
			};
			name = Debug;
		};
		81D6CE281BED3BE300FF38CA /* Release */ = {
			isa = XCBuildConfiguration;
			buildSettings = {
				ALWAYS_SEARCH_USER_PATHS = NO;
				CLANG_CXX_LANGUAGE_STANDARD = "gnu++0x";
				CLANG_CXX_LIBRARY = "libc++";
				CLANG_ENABLE_MODULES = YES;
				CLANG_ENABLE_OBJC_ARC = YES;
				CLANG_WARN_BOOL_CONVERSION = YES;
				CLANG_WARN_CONSTANT_CONVERSION = YES;
				CLANG_WARN_DIRECT_OBJC_ISA_USAGE = YES_ERROR;
				CLANG_WARN_EMPTY_BODY = YES;
				CLANG_WARN_ENUM_CONVERSION = YES;
				CLANG_WARN_INT_CONVERSION = YES;
				CLANG_WARN_OBJC_ROOT_CLASS = YES_ERROR;
				CLANG_WARN_UNREACHABLE_CODE = YES;
				CLANG_WARN__DUPLICATE_METHOD_MATCH = YES;
				"CODE_SIGN_IDENTITY[sdk=iphoneos*]" = "iPhone Developer";
				COPY_PHASE_STRIP = NO;
				DEBUG_INFORMATION_FORMAT = "dwarf-with-dsym";
				ENABLE_NS_ASSERTIONS = NO;
				ENABLE_STRICT_OBJC_MSGSEND = YES;
				GCC_C_LANGUAGE_STANDARD = gnu99;
				GCC_NO_COMMON_BLOCKS = YES;
				GCC_WARN_64_TO_32_BIT_CONVERSION = YES;
				GCC_WARN_ABOUT_RETURN_TYPE = YES_ERROR;
				GCC_WARN_UNDECLARED_SELECTOR = YES;
				GCC_WARN_UNINITIALIZED_AUTOS = YES_AGGRESSIVE;
				GCC_WARN_UNUSED_FUNCTION = YES;
				GCC_WARN_UNUSED_VARIABLE = YES;
				IPHONEOS_DEPLOYMENT_TARGET = 9.1;
				MTL_ENABLE_DEBUG_INFO = NO;
				SDKROOT = iphoneos;
				VALIDATE_PRODUCT = YES;
			};
			name = Release;
		};
		81D6CE2A1BED3BE300FF38CA /* Debug */ = {
			isa = XCBuildConfiguration;
			buildSettings = {
				ASSETCATALOG_COMPILER_APPICON_NAME = AppIcon;
				INFOPLIST_FILE = LittleMonster/Info.plist;
				LD_RUNPATH_SEARCH_PATHS = "$(inherited) @executable_path/Frameworks";
				PRODUCT_BUNDLE_IDENTIFIER = com.femtobyte.LittleMonster;
				PRODUCT_NAME = "$(TARGET_NAME)";
				TARGETED_DEVICE_FAMILY = "1,2";
			};
			name = Debug;
		};
		81D6CE2B1BED3BE300FF38CA /* Release */ = {
			isa = XCBuildConfiguration;
			buildSettings = {
				ASSETCATALOG_COMPILER_APPICON_NAME = AppIcon;
				INFOPLIST_FILE = LittleMonster/Info.plist;
				LD_RUNPATH_SEARCH_PATHS = "$(inherited) @executable_path/Frameworks";
				PRODUCT_BUNDLE_IDENTIFIER = com.femtobyte.LittleMonster;
				PRODUCT_NAME = "$(TARGET_NAME)";
				TARGETED_DEVICE_FAMILY = "1,2";
			};
			name = Release;
		};
/* End XCBuildConfiguration section */

/* Begin XCConfigurationList section */
		81D6CE121BED3BE200FF38CA /* Build configuration list for PBXProject "LittleMonster" */ = {
			isa = XCConfigurationList;
			buildConfigurations = (
				81D6CE271BED3BE300FF38CA /* Debug */,
				81D6CE281BED3BE300FF38CA /* Release */,
			);
			defaultConfigurationIsVisible = 0;
			defaultConfigurationName = Release;
		};
		81D6CE291BED3BE300FF38CA /* Build configuration list for PBXNativeTarget "LittleMonster" */ = {
			isa = XCConfigurationList;
			buildConfigurations = (
				81D6CE2A1BED3BE300FF38CA /* Debug */,
				81D6CE2B1BED3BE300FF38CA /* Release */,
			);
			defaultConfigurationIsVisible = 0;
			defaultConfigurationName = Release;
		};
/* End XCConfigurationList section */
	};
	rootObject = 81D6CE0F1BED3BE200FF38CA /* Project object */;
}
